{
  "name": "nadajniki",
  "version": "1.0.0",
  "lockfileVersion": 1,
  "requires": true,
  "dependencies": {
    "@mapbox/mapbox-sdk": {
      "version": "0.7.1",
      "resolved": "https://registry.npmjs.org/@mapbox/mapbox-sdk/-/mapbox-sdk-0.7.1.tgz",
      "integrity": "sha512-2jj1dN+bv4KBHlEO9rSKR7o1tGeGyJmAo4y+HM0xnYLuJNzus2Fwad8aTKVYGPslgQuGSFbupAD6obO+mtB05Q=="
    },
    "aws-sdk": {
      "version": "2.656.0",
      "resolved": "https://registry.npmjs.org/aws-sdk/-/aws-sdk-2.656.0.tgz",
      "integrity": "sha512-UzqDvvt6i7gpuzEdK0GT/JOfBJcsCPranzZWdQ9HR4+5E0m5kf5gybZ6OX+UseIAE2/WND6Dv0aHgiI21AKenw==",
      "dependencies": {
        "sax": {
          "version": "1.2.1",
          "resolved": "https://registry.npmjs.org/sax/-/sax-1.2.1.tgz",
          "integrity": "sha1-e45lYZCyKOgaZq6nSEgNgozS03o="
        },
        "xml2js": {
          "version": "0.4.19",
          "resolved": "https://registry.npmjs.org/xml2js/-/xml2js-0.4.19.tgz",
          "integrity": "sha512-esZnJZJOiJR9wWKMyuvSE1y6Dq5LCuJanqhxslH2bxM6duahNZ+HMpCLhBQGZkbX6xRf8x1Y2eJlgt2q3qo49Q=="
        },
        "xmlbuilder": {
          "version": "9.0.7",
          "resolved": "https://registry.npmjs.org/xmlbuilder/-/xmlbuilder-9.0.7.tgz",
          "integrity": "sha1-Ey7mPS7FVlxVfiD0wi35rKaGsQ0="
        }
      }
    },
    "css-loader": {
      "version": "3.5.2",
      "resolved": "https://registry.npmjs.org/css-loader/-/css-loader-3.5.2.tgz",
      "integrity": "sha512-hDL0DPopg6zQQSRlZm0hyeaqIRnL0wbWjay9BZxoiJBpbfOW4WHfbaYQhwnDmEa0kZUc1CJ3IFo15ot1yULMIQ==",
      "dependencies": {
        "semver": {
          "version": "6.3.0",
          "resolved": "https://registry.npmjs.org/semver/-/semver-6.3.0.tgz",
          "integrity": "sha512-b39TBaTSfV6yBrapU89p5fKekE2m/NwnDocOVruQFS1/veMgdzuPcnOM34M6CwxW8jH/lxEa5rBoDeUwu5HHTw=="
        }
      }
    },
    "file-loader": {
      "version": "4.3.0",
      "resolved": "https://registry.npmjs.org/file-loader/-/file-loader-4.3.0.tgz",
      "integrity": "sha512-aKrYPYjF1yG3oX0kWRrqrSMfgftm7oJW5M+m4owoldH5C51C0RkIwB++JbRvEW3IU6/ZG5n8UvEcdgwOt2UOWA=="
    },
    "html-webpack-plugin": {
      "version": "4.2.0",
      "resolved": "https://registry.npmjs.org/html-webpack-plugin/-/html-webpack-plugin-4.2.0.tgz",
      "integrity": "sha512-zL7LYTuq/fcJX6vV6tmmvFR508Bd9e6kvVGbS76YAjZ2CPVRzsjkvDYs/SshPevpolSdTWgaDV39D6k6oQoVFw==",
      "dev": true
    },
    "mapbox-gl": {
      "version": "1.11.0",
      "resolved": "https://registry.npmjs.org/mapbox-gl/-/mapbox-gl-1.11.0.tgz",
      "integrity": "sha512-opIQf3C5RoKU5r9bHttTMhGAPcJet1/Cj2mdP7Ma2ylrAHjNPRc1i7KPyq8wjEZdJBMhd5qkIDlzUPM0TSncCQ=="
    },
    "materialize-css": {
      "version": "1.0.0",
      "resolved": "https://registry.npmjs.org/materialize-css/-/materialize-css-1.0.0.tgz",
      "integrity": "sha512-4/oecXl8y/1i8RDZvyvwAICyqwNoKU4or5uf8uoAd74k76KzZ0Llym4zhJ5lLNUskcqjO0AuMcvNyDkpz8Z6zw=="
    },
    "mini-css-extract-plugin": {
      "version": "0.8.2",
      "resolved": "https://registry.npmjs.org/mini-css-extract-plugin/-/mini-css-extract-plugin-0.8.2.tgz",
      "integrity": "sha512-a3Y4of27Wz+mqK3qrcd3VhYz6cU0iW5x3Sgvqzbj+XmlrSizmvu8QQMl5oMYJjgHOC4iyt+w7l4umP+dQeW3bw==",
      "dependencies": {
        "normalize-url": {
          "version": "1.9.1",
          "resolved": "https://registry.npmjs.org/normalize-url/-/normalize-url-1.9.1.tgz",
          "integrity": "sha1-LMDWazHqIwNkWENuNiDYWVTGbDw="
        },
        "prepend-http": {
          "version": "1.0.4",
          "resolved": "https://registry.npmjs.org/prepend-http/-/prepend-http-1.0.4.tgz",
          "integrity": "sha1-1PRWKwzjaW5BrFLQ4ALlemNdxtw="
        },
        "query-string": {
          "version": "4.3.4",
          "resolved": "https://registry.npmjs.org/query-string/-/query-string-4.3.4.tgz",
          "integrity": "sha1-u7aTucqRXCMlFbIosaArYJBD2+s="
        },
        "schema-utils": {
          "version": "1.0.0",
          "resolved": "https://registry.npmjs.org/schema-utils/-/schema-utils-1.0.0.tgz",
          "integrity": "sha512-i27Mic4KovM/lnGsy8whRCHhc7VicJajAjTrYg11K9zfZXnYIt4k5F+kZkwjnrhKzLic/HLU4j11mjsz2G/75g=="
        },
        "sort-keys": {
          "version": "1.1.2",
          "resolved": "https://registry.npmjs.org/sort-keys/-/sort-keys-1.1.2.tgz",
          "integrity": "sha1-RBttTTRnmPG05J6JIK37oOVD+a0="
        }
      }
    },
    "node-sass": {
      "version": "4.14.1",
      "resolved": "https://registry.npmjs.org/node-sass/-/node-sass-4.14.1.tgz",
      "integrity": "sha512-sjCuOlvGyCJS40R8BscF5vhVlQjNN069NtQ1gSxyK1u9iqvn6tf7O1R4GNowVZfiZUCRt5MmMs1xd+4V/7Yr0g==",
      "dev": true,
      "dependencies": {
        "ansi-styles": {
          "version": "2.2.1",
          "resolved": "https://registry.npmjs.org/ansi-styles/-/ansi-styles-2.2.1.tgz",
          "integrity": "sha1-tDLdM1i2NM914eRmQ2gkBTPB3b4="
        },
        "chalk": {
          "version": "1.1.3",
          "resolved": "https://registry.npmjs.org/chalk/-/chalk-1.1.3.tgz",
          "integrity": "sha1-qBFcVeSnAv5NFQq9OHKCKn4J/Jg="
        },
        "cross-spawn": {
          "version": "3.0.1",
          "resolved": "https://registry.npmjs.org/cross-spawn/-/cross-spawn-3.0.1.tgz",
          "integrity": "sha1-ElYDfsufDF9549bvE14wdwGEuYI="
        },
        "supports-color": {
          "version": "2.0.0",
          "resolved": "https://registry.npmjs.org/supports-color/-/supports-color-2.0.0.tgz",
          "integrity": "sha1-U10EXOa2Nj+kARcIRimZXp3zJMc="
        }
      }
    },
    "request": {
      "version": "2.88.2",
      "resolved": "https://registry.npmjs.org/request/-/request-2.88.2.tgz",
      "integrity": "sha512-MsvtOrfG9ZcrOwAW+Qi+F6HbD0CWXEh9ou77uOb7FM2WPhwT7smM833PzanhJLsgXjN89Ir6V2PczXNnMpwKhw=="
    },
    "sass-loader": {
      "version": "8.0.2",
      "resolved": "https://registry.npmjs.org/sass-loader/-/sass-loader-8.0.2.tgz",
      "integrity": "sha512-7o4dbSK8/Ol2KflEmSco4jTjQoV988bM82P9CZdmo9hR3RLnvNc0ufMNdMrB0caq38JQ/FgF4/7RcbcfKzxoFQ==",
      "dev": true,
      "dependencies": {
        "semver": {
          "version": "6.3.0",
          "resolved": "https://registry.npmjs.org/semver/-/semver-6.3.0.tgz",
          "integrity": "sha512-b39TBaTSfV6yBrapU89p5fKekE2m/NwnDocOVruQFS1/veMgdzuPcnOM34M6CwxW8jH/lxEa5rBoDeUwu5HHTw=="
        }
      }
    },
    "sax": {
      "version": "1.2.4",
      "resolved": "https://registry.npmjs.org/sax/-/sax-1.2.4.tgz",
      "integrity": "sha512-NqVDv9TpANUjFm0N8uM5GxL36UgKi9/atZw+x7YFnQ8ckwFGKrl4xX4yWtrey3UJm5nP1kUbnYgLopqWNSRhWw=="
    },
    "style-loader": {
      "version": "1.1.3",
      "resolved": "https://registry.npmjs.org/style-loader/-/style-loader-1.1.3.tgz",
      "integrity": "sha512-rlkH7X/22yuwFYK357fMN/BxYOorfnfq0eD7+vqlemSK4wEcejFF1dg4zxP0euBW8NrYx2WZzZ8PPFevr7D+Kw=="
    },
    "webpack": {
      "version": "4.42.1",
      "resolved": "https://registry.npmjs.org/webpack/-/webpack-4.42.1.tgz",
      "integrity": "sha512-SGfYMigqEfdGchGhFFJ9KyRpQKnipvEvjc1TwrXEPCM6H5Wywu10ka8o3KGrMzSMxMQKt8aCHUFh5DaQ9UmyRg==",
      "dev": true,
      "dependencies": {
        "schema-utils": {
          "version": "1.0.0",
          "resolved": "https://registry.npmjs.org/schema-utils/-/schema-utils-1.0.0.tgz",
          "integrity": "sha512-i27Mic4KovM/lnGsy8whRCHhc7VicJajAjTrYg11K9zfZXnYIt4k5F+kZkwjnrhKzLic/HLU4j11mjsz2G/75g=="
        }
      }
    },
    "webpack-cli": {
      "version": "3.3.11",
      "resolved": "https://registry.npmjs.org/webpack-cli/-/webpack-cli-3.3.11.tgz",
      "integrity": "sha512-dXlfuml7xvAFwYUPsrtQAA9e4DOe58gnzSxhgrO/ZM/gyXTBowrsYeubyN4mqGhYdpXMFNyQ6emjJS9M7OBd4g==",
      "dev": true,
      "dependencies": {
        "supports-color": {
          "version": "6.1.0",
          "resolved": "https://registry.npmjs.org/supports-color/-/supports-color-6.1.0.tgz",
          "integrity": "sha512-qe1jfm1Mg7Nq/NSh6XE24gPXROEVsWHxC1LIx//XNlD9iw7YZQGjZNjYN7xGaEG6iKdA8EtNFW6R0gjnVXp+wQ=="
        }
      }
    },
    "webpack-dev-server": {
      "version": "3.11.0",
      "resolved": "https://registry.npmjs.org/webpack-dev-server/-/webpack-dev-server-3.11.0.tgz",
      "integrity": "sha512-PUxZ+oSTxogFQgkTtFndEtJIPNmml7ExwufBZ9L2/Xyyd5PnOL5UreWe5ZT7IU25DSdykL9p1MLQzmLh2ljSeg==",
      "dev": true,
      "dependencies": {
        "debug": {
          "version": "4.1.1",
          "resolved": "https://registry.npmjs.org/debug/-/debug-4.1.1.tgz",
          "integrity": "sha512-pYAIzeRo8J6KPEaJ0VWOh5Pzkbw/RetuzehGM7QRRX5he4fPHx2rdKMB256ehJCkX+XRQm16eZLqLNS8RSZXZw=="
        },
        "ms": {
          "version": "2.1.2",
          "resolved": "https://registry.npmjs.org/ms/-/ms-2.1.2.tgz",
          "integrity": "sha512-sGkPx+VjMtmA6MX27oA4FBFELFCZZ4S4XqeGOXCv68tT+jb3vk/RyaKWP0PTKyWtmLSM0b+adUTEvbs1PEaH2w=="
        },
        "schema-utils": {
          "version": "1.0.0",
          "resolved": "https://registry.npmjs.org/schema-utils/-/schema-utils-1.0.0.tgz",
          "integrity": "sha512-i27Mic4KovM/lnGsy8whRCHhc7VicJajAjTrYg11K9zfZXnYIt4k5F+kZkwjnrhKzLic/HLU4j11mjsz2G/75g=="
        },
        "semver": {
          "version": "6.3.0",
          "resolved": "https://registry.npmjs.org/semver/-/semver-6.3.0.tgz",
          "integrity": "sha512-b39TBaTSfV6yBrapU89p5fKekE2m/NwnDocOVruQFS1/veMgdzuPcnOM34M6CwxW8jH/lxEa5rBoDeUwu5HHTw=="
        },
        "supports-color": {
          "version": "6.1.0",
          "resolved": "https://registry.npmjs.org/supports-color/-/supports-color-6.1.0.tgz",
          "integrity": "sha512-qe1jfm1Mg7Nq/NSh6XE24gPXROEVsWHxC1LIx//XNlD9iw7YZQGjZNjYN7xGaEG6iKdA8EtNFW6R0gjnVXp+wQ=="
        },
        "url": {
          "version": "0.11.0",
          "resolved": "https://registry.npmjs.org/url/-/url-0.11.0.tgz",
          "integrity": "sha1-ODjpfPxgUh63PFJajlW/3Z4uKPE="
        },
        "yargs": {
          "version": "13.3.2",
          "resolved": "https://registry.npmjs.org/yargs/-/yargs-13.3.2.tgz",
          "integrity": "sha512-AX3Zw5iPruN5ie6xGRIDgqkT+ZhnRlZMLMHAs8tg7nRruy2Nb+i5o9bwghAogtM08q1dpr2LVoS8KSTMYpWXUw=="
        }
      }
    },
    "webpack-google-tag-manager-plugin": {
      "version": "1.0.3",
      "resolved": "https://registry.npmjs.org/webpack-google-tag-manager-plugin/-/webpack-google-tag-manager-plugin-1.0.3.tgz",
      "integrity": "sha512-M6AfeBS2dgI7CVPVyyVdT8VvJb+gSKGl09EwfEo9i+Q29Fu9otXGXpF9cmcfNAocIuwKicWshy+5Zog3pmqnFg=="
    },
    "webpack-inject-plugin": {
      "version": "1.5.4",
      "resolved": "https://registry.npmjs.org/webpack-inject-plugin/-/webpack-inject-plugin-1.5.4.tgz",
      "integrity": "sha512-oDb30CX3YbKqGNfREANs7VnrFRrND/4aicd4Hcl0ZEOz6AdlJGIHzdX2/u1rq7r+VyRRUS1QDaKUoqHbZvfs6w=="
    },
    "webpack-pwa-manifest": {
      "version": "4.2.0",
      "resolved": "https://registry.npmjs.org/webpack-pwa-manifest/-/webpack-pwa-manifest-4.2.0.tgz",
      "integrity": "sha512-rc5XFIuH9Ue3fcXvWeYmccAF95j6eRi7syte3vi0SyUHQMjo2z53vEwKWjF//QM/THKJYICScDB9l0Jklsc/yA==",
      "dependencies": {
        "mime": {
          "version": "2.4.4",
          "resolved": "https://registry.npmjs.org/mime/-/mime-2.4.4.tgz",
          "integrity": "sha512-LRxmNwziLPT828z+4YkNzloCFC2YM4wrB99k+AV5ZbEyfGNWfG8SO1FUXLmLDBSo89NrJZ4DIWeLjy1CHGhMGA=="
        }
      }
    },
    "workbox-webpack-plugin": {
      "version": "4.3.1",
      "resolved": "https://registry.npmjs.org/workbox-webpack-plugin/-/workbox-webpack-plugin-4.3.1.tgz",
      "integrity": "sha512-gJ9jd8Mb8wHLbRz9ZvGN57IAmknOipD3W4XNE/Lk/4lqs5Htw4WOQgakQy/o/4CoXQlMCYldaqUg+EJ35l9MEQ=="
    },
    "xlsx-extractor": {
      "version": "1.4.1",
      "resolved": "https://registry.npmjs.org/xlsx-extractor/-/xlsx-extractor-1.4.1.tgz",
      "integrity": "sha512-+pSEoq5XKx6aNwShdkitKK7IK+Xum9n2oQx28VPWCT/VR6LLWGcbXfKBeTvEs/jt5ZaHl25xFUY9ksCOaqG8Tw=="
    },
    "xml2js": {
      "version": "0.5.0",
      "resolved": "https://registry.npmjs.org/xml2js/-/xml2js-0.5.0.tgz",
      "integrity": "sha512-drPFnkQJik/O+uPKpqSgr22mpuFHqKdbS835iAQrUC73L2F5WkboIRd63ai/2Yg6I1jzifPFKH2NTK+cfglkIA==",
      "requires": {
        "sax": ">=0.6.0",
        "xmlbuilder": "~11.0.0"
      }
    },
    "xmlbuilder": {
      "version": "11.0.1",
      "resolved": "https://registry.npmjs.org/xmlbuilder/-/xmlbuilder-11.0.1.tgz",
      "integrity": "sha512-fDlsI/kFEx7gLvbecc0/ohLG50fugQp8ryHzMTuW9vSa1GJ0XYWKnhsUx7oie3G98+r56aTQIUB4kht42R3JvA=="
    }
  }
}
